// !$*UTF8*$!
{
	archiveVersion = 1;
	classes = {
	};
	objectVersion = 55;
	objects = {

/* Begin PBXBuildFile section */
		26466D3A2713905D00555418 /* AppDelegate.swift in Sources */ = {isa = PBXBuildFile; fileRef = 26466D392713905D00555418 /* AppDelegate.swift */; };
		26466D3C2713905D00555418 /* SceneDelegate.swift in Sources */ = {isa = PBXBuildFile; fileRef = 26466D3B2713905D00555418 /* SceneDelegate.swift */; };
		26466D3E2713905D00555418 /* OnBoardingViewController.swift in Sources */ = {isa = PBXBuildFile; fileRef = 26466D3D2713905D00555418 /* OnBoardingViewController.swift */; };
		26466D432713905F00555418 /* Assets.xcassets in Resources */ = {isa = PBXBuildFile; fileRef = 26466D422713905F00555418 /* Assets.xcassets */; };
		26466D462713905F00555418 /* LaunchScreen.storyboard in Resources */ = {isa = PBXBuildFile; fileRef = 26466D442713905F00555418 /* LaunchScreen.storyboard */; };
		26466D552713974B00555418 /* Enumerations.swift in Sources */ = {isa = PBXBuildFile; fileRef = 26466D542713974B00555418 /* Enumerations.swift */; };
		26466D5827139D2700555418 /* Gilroy-Medium.ttf in Resources */ = {isa = PBXBuildFile; fileRef = 26466D5727139D2700555418 /* Gilroy-Medium.ttf */; };
		26466D5A2713A4BE00555418 /* Extensions.swift in Sources */ = {isa = PBXBuildFile; fileRef = 26466D592713A4BD00555418 /* Extensions.swift */; };
		26466D5C2713A75200555418 /* Gilroy-SemiBold.ttf in Resources */ = {isa = PBXBuildFile; fileRef = 26466D5B2713A75200555418 /* Gilroy-SemiBold.ttf */; };
		26466D7327150F8500555418 /* SocialSignUpViewController.swift in Sources */ = {isa = PBXBuildFile; fileRef = 26466D7227150F8500555418 /* SocialSignUpViewController.swift */; };
		26466D75271571C200555418 /* MobileNumberViewController.swift in Sources */ = {isa = PBXBuildFile; fileRef = 26466D74271571C200555418 /* MobileNumberViewController.swift */; };
		268A589D27179F5000EB22E5 /* FourDigitCodeViewController.swift in Sources */ = {isa = PBXBuildFile; fileRef = 268A589C27179F5000EB22E5 /* FourDigitCodeViewController.swift */; };
		268A589F2717A59100EB22E5 /* LocationViewController.swift in Sources */ = {isa = PBXBuildFile; fileRef = 268A589E2717A59100EB22E5 /* LocationViewController.swift */; };
		268A58A12718D3DD00EB22E5 /* LoginViewController.swift in Sources */ = {isa = PBXBuildFile; fileRef = 268A58A02718D3DD00EB22E5 /* LoginViewController.swift */; };
		268A58A32718E2CC00EB22E5 /* SignUpViewController.swift in Sources */ = {isa = PBXBuildFile; fileRef = 268A58A22718E2CC00EB22E5 /* SignUpViewController.swift */; };
		268A58A72718F4E200EB22E5 /* ShopViewController.swift in Sources */ = {isa = PBXBuildFile; fileRef = 268A58A62718F4E200EB22E5 /* ShopViewController.swift */; };
		268A58A92718F4F100EB22E5 /* ExploreViewController.swift in Sources */ = {isa = PBXBuildFile; fileRef = 268A58A82718F4F100EB22E5 /* ExploreViewController.swift */; };
		268A58AB2718F50100EB22E5 /* CartViewController.swift in Sources */ = {isa = PBXBuildFile; fileRef = 268A58AA2718F50100EB22E5 /* CartViewController.swift */; };
		268A58AD2718F51900EB22E5 /* FavouriteViewController.swift in Sources */ = {isa = PBXBuildFile; fileRef = 268A58AC2718F51900EB22E5 /* FavouriteViewController.swift */; };
		268A58AF2718F52700EB22E5 /* AccountViewController.swift in Sources */ = {isa = PBXBuildFile; fileRef = 268A58AE2718F52700EB22E5 /* AccountViewController.swift */; };
		268A58B12718F5E200EB22E5 /* LandingTabBarController.swift in Sources */ = {isa = PBXBuildFile; fileRef = 268A58B02718F5E200EB22E5 /* LandingTabBarController.swift */; };
		268A58DA271CE02900EB22E5 /* ShopItemsCollectionViewCell.swift in Sources */ = {isa = PBXBuildFile; fileRef = 268A58D9271CE02900EB22E5 /* ShopItemsCollectionViewCell.swift */; };
		268A58DC271CE2AC00EB22E5 /* Product.swift in Sources */ = {isa = PBXBuildFile; fileRef = 268A58DB271CE2AC00EB22E5 /* Product.swift */; };
		268A58DE271CEF3200EB22E5 /* Gilroy-Bold.ttf in Resources */ = {isa = PBXBuildFile; fileRef = 268A58DD271CEE9400EB22E5 /* Gilroy-Bold.ttf */; };
/* End PBXBuildFile section */

/* Begin PBXFileReference section */
		26466D362713905D00555418 /* Nectar.app */ = {isa = PBXFileReference; explicitFileType = wrapper.application; includeInIndex = 0; path = Nectar.app; sourceTree = BUILT_PRODUCTS_DIR; };
		26466D392713905D00555418 /* AppDelegate.swift */ = {isa = PBXFileReference; lastKnownFileType = sourcecode.swift; path = AppDelegate.swift; sourceTree = "<group>"; };
		26466D3B2713905D00555418 /* SceneDelegate.swift */ = {isa = PBXFileReference; lastKnownFileType = sourcecode.swift; path = SceneDelegate.swift; sourceTree = "<group>"; };
		26466D3D2713905D00555418 /* OnBoardingViewController.swift */ = {isa = PBXFileReference; lastKnownFileType = sourcecode.swift; path = OnBoardingViewController.swift; sourceTree = "<group>"; };
		26466D422713905F00555418 /* Assets.xcassets */ = {isa = PBXFileReference; lastKnownFileType = folder.assetcatalog; path = Assets.xcassets; sourceTree = "<group>"; };
		26466D452713905F00555418 /* Base */ = {isa = PBXFileReference; lastKnownFileType = file.storyboard; name = Base; path = Base.lproj/LaunchScreen.storyboard; sourceTree = "<group>"; };
		26466D472713905F00555418 /* Info.plist */ = {isa = PBXFileReference; lastKnownFileType = text.plist.xml; path = Info.plist; sourceTree = "<group>"; };
		26466D542713974B00555418 /* Enumerations.swift */ = {isa = PBXFileReference; lastKnownFileType = sourcecode.swift; path = Enumerations.swift; sourceTree = "<group>"; };
		26466D5727139D2700555418 /* Gilroy-Medium.ttf */ = {isa = PBXFileReference; lastKnownFileType = file; path = "Gilroy-Medium.ttf"; sourceTree = "<group>"; };
		26466D592713A4BD00555418 /* Extensions.swift */ = {isa = PBXFileReference; lastKnownFileType = sourcecode.swift; path = Extensions.swift; sourceTree = "<group>"; };
		26466D5B2713A75200555418 /* Gilroy-SemiBold.ttf */ = {isa = PBXFileReference; lastKnownFileType = file; path = "Gilroy-SemiBold.ttf"; sourceTree = "<group>"; };
		26466D7227150F8500555418 /* SocialSignUpViewController.swift */ = {isa = PBXFileReference; lastKnownFileType = sourcecode.swift; path = SocialSignUpViewController.swift; sourceTree = "<group>"; };
		26466D74271571C200555418 /* MobileNumberViewController.swift */ = {isa = PBXFileReference; lastKnownFileType = sourcecode.swift; path = MobileNumberViewController.swift; sourceTree = "<group>"; };
		268A589C27179F5000EB22E5 /* FourDigitCodeViewController.swift */ = {isa = PBXFileReference; lastKnownFileType = sourcecode.swift; path = FourDigitCodeViewController.swift; sourceTree = "<group>"; };
		268A589E2717A59100EB22E5 /* LocationViewController.swift */ = {isa = PBXFileReference; lastKnownFileType = sourcecode.swift; path = LocationViewController.swift; sourceTree = "<group>"; };
		268A58A02718D3DD00EB22E5 /* LoginViewController.swift */ = {isa = PBXFileReference; lastKnownFileType = sourcecode.swift; path = LoginViewController.swift; sourceTree = "<group>"; };
		268A58A22718E2CC00EB22E5 /* SignUpViewController.swift */ = {isa = PBXFileReference; lastKnownFileType = sourcecode.swift; path = SignUpViewController.swift; sourceTree = "<group>"; };
		268A58A62718F4E200EB22E5 /* ShopViewController.swift */ = {isa = PBXFileReference; lastKnownFileType = sourcecode.swift; path = ShopViewController.swift; sourceTree = "<group>"; };
		268A58A82718F4F100EB22E5 /* ExploreViewController.swift */ = {isa = PBXFileReference; lastKnownFileType = sourcecode.swift; path = ExploreViewController.swift; sourceTree = "<group>"; };
		268A58AA2718F50100EB22E5 /* CartViewController.swift */ = {isa = PBXFileReference; lastKnownFileType = sourcecode.swift; path = CartViewController.swift; sourceTree = "<group>"; };
		268A58AC2718F51900EB22E5 /* FavouriteViewController.swift */ = {isa = PBXFileReference; lastKnownFileType = sourcecode.swift; path = FavouriteViewController.swift; sourceTree = "<group>"; };
		268A58AE2718F52700EB22E5 /* AccountViewController.swift */ = {isa = PBXFileReference; lastKnownFileType = sourcecode.swift; path = AccountViewController.swift; sourceTree = "<group>"; };
		268A58B02718F5E200EB22E5 /* LandingTabBarController.swift */ = {isa = PBXFileReference; lastKnownFileType = sourcecode.swift; path = LandingTabBarController.swift; sourceTree = "<group>"; };
		268A58D9271CE02900EB22E5 /* ShopItemsCollectionViewCell.swift */ = {isa = PBXFileReference; lastKnownFileType = sourcecode.swift; path = ShopItemsCollectionViewCell.swift; sourceTree = "<group>"; };
		268A58DB271CE2AC00EB22E5 /* Product.swift */ = {isa = PBXFileReference; lastKnownFileType = sourcecode.swift; path = Product.swift; sourceTree = "<group>"; };
		268A58DD271CEE9400EB22E5 /* Gilroy-Bold.ttf */ = {isa = PBXFileReference; lastKnownFileType = file; path = "Gilroy-Bold.ttf"; sourceTree = "<group>"; };
/* End PBXFileReference section */

/* Begin PBXFrameworksBuildPhase section */
		26466D332713905D00555418 /* Frameworks */ = {
			isa = PBXFrameworksBuildPhase;
			buildActionMask = 2147483647;
			files = (
			);
			runOnlyForDeploymentPostprocessing = 0;
		};
/* End PBXFrameworksBuildPhase section */

/* Begin PBXGroup section */
		26466D2D2713905D00555418 = {
			isa = PBXGroup;
			children = (
				26466D382713905D00555418 /* Nectar */,
				26466D372713905D00555418 /* Products */,
			);
			sourceTree = "<group>";
		};
		26466D372713905D00555418 /* Products */ = {
			isa = PBXGroup;
			children = (
				26466D362713905D00555418 /* Nectar.app */,
			);
			name = Products;
			sourceTree = "<group>";
		};
		26466D382713905D00555418 /* Nectar */ = {
			isa = PBXGroup;
			children = (
				26466D502713924100555418 /* Resources */,
				26466D4D2713920500555418 /* Model */,
				26466D4F2713922900555418 /* Views */,
				26466D4E2713921400555418 /* ViewModel */,
				26466D512713924E00555418 /* Controllers */,
				26466D472713905F00555418 /* Info.plist */,
			);
			path = Nectar;
			sourceTree = "<group>";
		};
		26466D4D2713920500555418 /* Model */ = {
			isa = PBXGroup;
			children = (
				268A58DB271CE2AC00EB22E5 /* Product.swift */,
			);
			path = Model;
			sourceTree = "<group>";
		};
		26466D4E2713921400555418 /* ViewModel */ = {
			isa = PBXGroup;
			children = (
			);
			path = ViewModel;
			sourceTree = "<group>";
		};
		26466D4F2713922900555418 /* Views */ = {
			isa = PBXGroup;
			children = (
				268A58D8271CDECC00EB22E5 /* Cells */,
				26466D522713925C00555418 /* Storyboards */,
				26466D422713905F00555418 /* Assets.xcassets */,
			);
			path = Views;
			sourceTree = "<group>";
		};
		26466D502713924100555418 /* Resources */ = {
			isa = PBXGroup;
			children = (
				26466D5627139CEA00555418 /* Fonts */,
				26466D532713928B00555418 /* Delegates */,
				26466D542713974B00555418 /* Enumerations.swift */,
				26466D592713A4BD00555418 /* Extensions.swift */,
			);
			path = Resources;
			sourceTree = "<group>";
		};
		26466D512713924E00555418 /* Controllers */ = {
			isa = PBXGroup;
			children = (
				268A58A52718F4C400EB22E5 /* TabBarControllers */,
				268A58A42718F49A00EB22E5 /* AccessFlow */,
			);
			path = Controllers;
			sourceTree = "<group>";
		};
		26466D522713925C00555418 /* Storyboards */ = {
			isa = PBXGroup;
			children = (
				26466D442713905F00555418 /* LaunchScreen.storyboard */,
			);
			path = Storyboards;
			sourceTree = "<group>";
		};
		26466D532713928B00555418 /* Delegates */ = {
			isa = PBXGroup;
			children = (
				26466D392713905D00555418 /* AppDelegate.swift */,
				26466D3B2713905D00555418 /* SceneDelegate.swift */,
			);
			path = Delegates;
			sourceTree = "<group>";
		};
		26466D5627139CEA00555418 /* Fonts */ = {
			isa = PBXGroup;
			children = (
				26466D5727139D2700555418 /* Gilroy-Medium.ttf */,
				26466D5B2713A75200555418 /* Gilroy-SemiBold.ttf */,
				268A58DD271CEE9400EB22E5 /* Gilroy-Bold.ttf */,
			);
			path = Fonts;
			sourceTree = "<group>";
		};
		268A58A42718F49A00EB22E5 /* AccessFlow */ = {
			isa = PBXGroup;
			children = (
				26466D3D2713905D00555418 /* OnBoardingViewController.swift */,
				26466D7227150F8500555418 /* SocialSignUpViewController.swift */,
				26466D74271571C200555418 /* MobileNumberViewController.swift */,
				268A589C27179F5000EB22E5 /* FourDigitCodeViewController.swift */,
				268A589E2717A59100EB22E5 /* LocationViewController.swift */,
				268A58A02718D3DD00EB22E5 /* LoginViewController.swift */,
				268A58A22718E2CC00EB22E5 /* SignUpViewController.swift */,
			);
			path = AccessFlow;
			sourceTree = "<group>";
		};
		268A58A52718F4C400EB22E5 /* TabBarControllers */ = {
			isa = PBXGroup;
			children = (
				268A58B22718F5FB00EB22E5 /* LandingController */,
				268A58A62718F4E200EB22E5 /* ShopViewController.swift */,
				268A58A82718F4F100EB22E5 /* ExploreViewController.swift */,
				268A58AA2718F50100EB22E5 /* CartViewController.swift */,
				268A58AC2718F51900EB22E5 /* FavouriteViewController.swift */,
				268A58AE2718F52700EB22E5 /* AccountViewController.swift */,
			);
			path = TabBarControllers;
			sourceTree = "<group>";
		};
		268A58B22718F5FB00EB22E5 /* LandingController */ = {
			isa = PBXGroup;
			children = (
				268A58B02718F5E200EB22E5 /* LandingTabBarController.swift */,
			);
			path = LandingController;
			sourceTree = "<group>";
		};
		268A58D8271CDECC00EB22E5 /* Cells */ = {
			isa = PBXGroup;
			children = (
				268A58D9271CE02900EB22E5 /* ShopItemsCollectionViewCell.swift */,
			);
			path = Cells;
			sourceTree = "<group>";
		};
/* End PBXGroup section */

/* Begin PBXNativeTarget section */
		26466D352713905D00555418 /* Nectar */ = {
			isa = PBXNativeTarget;
			buildConfigurationList = 26466D4A2713905F00555418 /* Build configuration list for PBXNativeTarget "Nectar" */;
			buildPhases = (
				26466D322713905D00555418 /* Sources */,
				26466D332713905D00555418 /* Frameworks */,
				26466D342713905D00555418 /* Resources */,
			);
			buildRules = (
			);
			dependencies = (
			);
			name = Nectar;
			productName = Nectar;
			productReference = 26466D362713905D00555418 /* Nectar.app */;
			productType = "com.apple.product-type.application";
		};
/* End PBXNativeTarget section */

/* Begin PBXProject section */
		26466D2E2713905D00555418 /* Project object */ = {
			isa = PBXProject;
			attributes = {
				BuildIndependentTargetsInParallel = 1;
				LastSwiftUpdateCheck = 1300;
				LastUpgradeCheck = 1300;
				TargetAttributes = {
					26466D352713905D00555418 = {
						CreatedOnToolsVersion = 13.0;
					};
				};
			};
			buildConfigurationList = 26466D312713905D00555418 /* Build configuration list for PBXProject "Nectar" */;
			compatibilityVersion = "Xcode 13.0";
			developmentRegion = en;
			hasScannedForEncodings = 0;
			knownRegions = (
				en,
				Base,
			);
			mainGroup = 26466D2D2713905D00555418;
			productRefGroup = 26466D372713905D00555418 /* Products */;
			projectDirPath = "";
			projectRoot = "";
			targets = (
				26466D352713905D00555418 /* Nectar */,
			);
		};
/* End PBXProject section */

/* Begin PBXResourcesBuildPhase section */
		26466D342713905D00555418 /* Resources */ = {
			isa = PBXResourcesBuildPhase;
			buildActionMask = 2147483647;
			files = (
				268A58DE271CEF3200EB22E5 /* Gilroy-Bold.ttf in Resources */,
				26466D462713905F00555418 /* LaunchScreen.storyboard in Resources */,
				26466D5C2713A75200555418 /* Gilroy-SemiBold.ttf in Resources */,
				26466D5827139D2700555418 /* Gilroy-Medium.ttf in Resources */,
				26466D432713905F00555418 /* Assets.xcassets in Resources */,
			);
			runOnlyForDeploymentPostprocessing = 0;
		};
/* End PBXResourcesBuildPhase section */

/* Begin PBXSourcesBuildPhase section */
		26466D322713905D00555418 /* Sources */ = {
			isa = PBXSourcesBuildPhase;
			buildActionMask = 2147483647;
			files = (
				268A58DC271CE2AC00EB22E5 /* Product.swift in Sources */,
				268A58B12718F5E200EB22E5 /* LandingTabBarController.swift in Sources */,
				268A58A32718E2CC00EB22E5 /* SignUpViewController.swift in Sources */,
				26466D5A2713A4BE00555418 /* Extensions.swift in Sources */,
				268A58DA271CE02900EB22E5 /* ShopItemsCollectionViewCell.swift in Sources */,
				268A58AF2718F52700EB22E5 /* AccountViewController.swift in Sources */,
				268A58AB2718F50100EB22E5 /* CartViewController.swift in Sources */,
				268A589D27179F5000EB22E5 /* FourDigitCodeViewController.swift in Sources */,
				26466D3E2713905D00555418 /* OnBoardingViewController.swift in Sources */,
				26466D3A2713905D00555418 /* AppDelegate.swift in Sources */,
				26466D3C2713905D00555418 /* SceneDelegate.swift in Sources */,
				26466D552713974B00555418 /* Enumerations.swift in Sources */,
				268A589F2717A59100EB22E5 /* LocationViewController.swift in Sources */,
				268A58A72718F4E200EB22E5 /* ShopViewController.swift in Sources */,
				26466D7327150F8500555418 /* SocialSignUpViewController.swift in Sources */,
				268A58A92718F4F100EB22E5 /* ExploreViewController.swift in Sources */,
				268A58A12718D3DD00EB22E5 /* LoginViewController.swift in Sources */,
				268A58AD2718F51900EB22E5 /* FavouriteViewController.swift in Sources */,
				26466D75271571C200555418 /* MobileNumberViewController.swift in Sources */,
			);
			runOnlyForDeploymentPostprocessing = 0;
		};
/* End PBXSourcesBuildPhase section */

/* Begin PBXVariantGroup section */
		26466D442713905F00555418 /* LaunchScreen.storyboard */ = {
			isa = PBXVariantGroup;
			children = (
				26466D452713905F00555418 /* Base */,
			);
			name = LaunchScreen.storyboard;
			sourceTree = "<group>";
		};
/* End PBXVariantGroup section */

/* Begin XCBuildConfiguration section */
		26466D482713905F00555418 /* Debug */ = {
			isa = XCBuildConfiguration;
			buildSettings = {
				ALWAYS_SEARCH_USER_PATHS = NO;
				CLANG_ANALYZER_NONNULL = YES;
				CLANG_ANALYZER_NUMBER_OBJECT_CONVERSION = YES_AGGRESSIVE;
				CLANG_CXX_LANGUAGE_STANDARD = "gnu++17";
				CLANG_CXX_LIBRARY = "libc++";
				CLANG_ENABLE_MODULES = YES;
				CLANG_ENABLE_OBJC_ARC = YES;
				CLANG_ENABLE_OBJC_WEAK = YES;
				CLANG_WARN_BLOCK_CAPTURE_AUTORELEASING = YES;
				CLANG_WARN_BOOL_CONVERSION = YES;
				CLANG_WARN_COMMA = YES;
				CLANG_WARN_CONSTANT_CONVERSION = YES;
				CLANG_WARN_DEPRECATED_OBJC_IMPLEMENTATIONS = YES;
				CLANG_WARN_DIRECT_OBJC_ISA_USAGE = YES_ERROR;
				CLANG_WARN_DOCUMENTATION_COMMENTS = YES;
				CLANG_WARN_EMPTY_BODY = YES;
				CLANG_WARN_ENUM_CONVERSION = YES;
				CLANG_WARN_INFINITE_RECURSION = YES;
				CLANG_WARN_INT_CONVERSION = YES;
				CLANG_WARN_NON_LITERAL_NULL_CONVERSION = YES;
				CLANG_WARN_OBJC_IMPLICIT_RETAIN_SELF = YES;
				CLANG_WARN_OBJC_LITERAL_CONVERSION = YES;
				CLANG_WARN_OBJC_ROOT_CLASS = YES_ERROR;
				CLANG_WARN_QUOTED_INCLUDE_IN_FRAMEWORK_HEADER = YES;
				CLANG_WARN_RANGE_LOOP_ANALYSIS = YES;
				CLANG_WARN_STRICT_PROTOTYPES = YES;
				CLANG_WARN_SUSPICIOUS_MOVE = YES;
				CLANG_WARN_UNGUARDED_AVAILABILITY = YES_AGGRESSIVE;
				CLANG_WARN_UNREACHABLE_CODE = YES;
				CLANG_WARN__DUPLICATE_METHOD_MATCH = YES;
				COPY_PHASE_STRIP = NO;
				DEBUG_INFORMATION_FORMAT = dwarf;
				ENABLE_STRICT_OBJC_MSGSEND = YES;
				ENABLE_TESTABILITY = YES;
				GCC_C_LANGUAGE_STANDARD = gnu11;
				GCC_DYNAMIC_NO_PIC = NO;
				GCC_NO_COMMON_BLOCKS = YES;
				GCC_OPTIMIZATION_LEVEL = 0;
				GCC_PREPROCESSOR_DEFINITIONS = (
					"DEBUG=1",
					"$(inherited)",
				);
				GCC_WARN_64_TO_32_BIT_CONVERSION = YES;
				GCC_WARN_ABOUT_RETURN_TYPE = YES_ERROR;
				GCC_WARN_UNDECLARED_SELECTOR = YES;
				GCC_WARN_UNINITIALIZED_AUTOS = YES_AGGRESSIVE;
				GCC_WARN_UNUSED_FUNCTION = YES;
				GCC_WARN_UNUSED_VARIABLE = YES;
				IPHONEOS_DEPLOYMENT_TARGET = 15.0;
				MTL_ENABLE_DEBUG_INFO = INCLUDE_SOURCE;
				MTL_FAST_MATH = YES;
				ONLY_ACTIVE_ARCH = YES;
				SDKROOT = iphoneos;
				SWIFT_ACTIVE_COMPILATION_CONDITIONS = DEBUG;
				SWIFT_OPTIMIZATION_LEVEL = "-Onone";
			};
			name = Debug;
		};
		26466D492713905F00555418 /* Release */ = {
			isa = XCBuildConfiguration;
			buildSettings = {
				ALWAYS_SEARCH_USER_PATHS = NO;
				CLANG_ANALYZER_NONNULL = YES;
				CLANG_ANALYZER_NUMBER_OBJECT_CONVERSION = YES_AGGRESSIVE;
				CLANG_CXX_LANGUAGE_STANDARD = "gnu++17";
				CLANG_CXX_LIBRARY = "libc++";
				CLANG_ENABLE_MODULES = YES;
				CLANG_ENABLE_OBJC_ARC = YES;
				CLANG_ENABLE_OBJC_WEAK = YES;
				CLANG_WARN_BLOCK_CAPTURE_AUTORELEASING = YES;
				CLANG_WARN_BOOL_CONVERSION = YES;
				CLANG_WARN_COMMA = YES;
				CLANG_WARN_CONSTANT_CONVERSION = YES;
				CLANG_WARN_DEPRECATED_OBJC_IMPLEMENTATIONS = YES;
				CLANG_WARN_DIRECT_OBJC_ISA_USAGE = YES_ERROR;
				CLANG_WARN_DOCUMENTATION_COMMENTS = YES;
				CLANG_WARN_EMPTY_BODY = YES;
				CLANG_WARN_ENUM_CONVERSION = YES;
				CLANG_WARN_INFINITE_RECURSION = YES;
				CLANG_WARN_INT_CONVERSION = YES;
				CLANG_WARN_NON_LITERAL_NULL_CONVERSION = YES;
				CLANG_WARN_OBJC_IMPLICIT_RETAIN_SELF = YES;
				CLANG_WARN_OBJC_LITERAL_CONVERSION = YES;
				CLANG_WARN_OBJC_ROOT_CLASS = YES_ERROR;
				CLANG_WARN_QUOTED_INCLUDE_IN_FRAMEWORK_HEADER = YES;
				CLANG_WARN_RANGE_LOOP_ANALYSIS = YES;
				CLANG_WARN_STRICT_PROTOTYPES = YES;
				CLANG_WARN_SUSPICIOUS_MOVE = YES;
				CLANG_WARN_UNGUARDED_AVAILABILITY = YES_AGGRESSIVE;
				CLANG_WARN_UNREACHABLE_CODE = YES;
				CLANG_WARN__DUPLICATE_METHOD_MATCH = YES;
				COPY_PHASE_STRIP = NO;
				DEBUG_INFORMATION_FORMAT = "dwarf-with-dsym";
				ENABLE_NS_ASSERTIONS = NO;
				ENABLE_STRICT_OBJC_MSGSEND = YES;
				GCC_C_LANGUAGE_STANDARD = gnu11;
				GCC_NO_COMMON_BLOCKS = YES;
				GCC_WARN_64_TO_32_BIT_CONVERSION = YES;
				GCC_WARN_ABOUT_RETURN_TYPE = YES_ERROR;
				GCC_WARN_UNDECLARED_SELECTOR = YES;
				GCC_WARN_UNINITIALIZED_AUTOS = YES_AGGRESSIVE;
				GCC_WARN_UNUSED_FUNCTION = YES;
				GCC_WARN_UNUSED_VARIABLE = YES;
				IPHONEOS_DEPLOYMENT_TARGET = 15.0;
				MTL_ENABLE_DEBUG_INFO = NO;
				MTL_FAST_MATH = YES;
				SDKROOT = iphoneos;
				SWIFT_COMPILATION_MODE = wholemodule;
				SWIFT_OPTIMIZATION_LEVEL = "-O";
				VALIDATE_PRODUCT = YES;
			};
			name = Release;
		};
		26466D4B2713905F00555418 /* Debug */ = {
			isa = XCBuildConfiguration;
			buildSettings = {
				ASSETCATALOG_COMPILER_APPICON_NAME = AppIcon;
				ASSETCATALOG_COMPILER_GLOBAL_ACCENT_COLOR_NAME = AccentColor;
				CODE_SIGN_STYLE = Automatic;
				CURRENT_PROJECT_VERSION = 1;
				GENERATE_INFOPLIST_FILE = YES;
				INFOPLIST_FILE = Nectar/Info.plist;
				INFOPLIST_KEY_UIApplicationSupportsIndirectInputEvents = YES;
				INFOPLIST_KEY_UILaunchStoryboardName = LaunchScreen;
				INFOPLIST_KEY_UISupportedInterfaceOrientations = UIInterfaceOrientationPortrait;
				INFOPLIST_KEY_UISupportedInterfaceOrientations_iPad = "UIInterfaceOrientationPortrait UIInterfaceOrientationPortraitUpsideDown UIInterfaceOrientationLandscapeLeft UIInterfaceOrientationLandscapeRight";
				INFOPLIST_KEY_UISupportedInterfaceOrientations_iPhone = "UIInterfaceOrientationPortrait UIInterfaceOrientationLandscapeLeft UIInterfaceOrientationLandscapeRight";
				LD_RUNPATH_SEARCH_PATHS = (
					"$(inherited)",
					"@executable_path/Frameworks",
				);
				MARKETING_VERSION = 1.0;
				PRODUCT_BUNDLE_IDENTIFIER = com.iCoderHub.Nectar;
				PRODUCT_NAME = "$(TARGET_NAME)";
				SWIFT_EMIT_LOC_STRINGS = YES;
				SWIFT_VERSION = 5.0;
				TARGETED_DEVICE_FAMILY = 1;
			};
			name = Debug;
		};
		26466D4C2713905F00555418 /* Release */ = {
			isa = XCBuildConfiguration;
			buildSettings = {
				ASSETCATALOG_COMPILER_APPICON_NAME = AppIcon;
				ASSETCATALOG_COMPILER_GLOBAL_ACCENT_COLOR_NAME = AccentColor;
				CODE_SIGN_STYLE = Automatic;
				CURRENT_PROJECT_VERSION = 1;
				GENERATE_INFOPLIST_FILE = YES;
				INFOPLIST_FILE = Nectar/Info.plist;
				INFOPLIST_KEY_UIApplicationSupportsIndirectInputEvents = YES;
				INFOPLIST_KEY_UILaunchStoryboardName = LaunchScreen;
				INFOPLIST_KEY_UISupportedInterfaceOrientations = UIInterfaceOrientationPortrait;
				INFOPLIST_KEY_UISupportedInterfaceOrientations_iPad = "UIInterfaceOrientationPortrait UIInterfaceOrientationPortraitUpsideDown UIInterfaceOrientationLandscapeLeft UIInterfaceOrientationLandscapeRight";
				INFOPLIST_KEY_UISupportedInterfaceOrientations_iPhone = "UIInterfaceOrientationPortrait UIInterfaceOrientationLandscapeLeft UIInterfaceOrientationLandscapeRight";
				LD_RUNPATH_SEARCH_PATHS = (
					"$(inherited)",
					"@executable_path/Frameworks",
				);
				MARKETING_VERSION = 1.0;
				PRODUCT_BUNDLE_IDENTIFIER = com.iCoderHub.Nectar;
				PRODUCT_NAME = "$(TARGET_NAME)";
				SWIFT_EMIT_LOC_STRINGS = YES;
				SWIFT_VERSION = 5.0;
				TARGETED_DEVICE_FAMILY = 1;
			};
			name = Release;
		};
/* End XCBuildConfiguration section */

/* Begin XCConfigurationList section */
		26466D312713905D00555418 /* Build configuration list for PBXProject "Nectar" */ = {
			isa = XCConfigurationList;
			buildConfigurations = (
				26466D482713905F00555418 /* Debug */,
				26466D492713905F00555418 /* Release */,
			);
			defaultConfigurationIsVisible = 0;
			defaultConfigurationName = Release;
		};
		26466D4A2713905F00555418 /* Build configuration list for PBXNativeTarget "Nectar" */ = {
			isa = XCConfigurationList;
			buildConfigurations = (
				26466D4B2713905F00555418 /* Debug */,
				26466D4C2713905F00555418 /* Release */,
			);
			defaultConfigurationIsVisible = 0;
			defaultConfigurationName = Release;
		};
/* End XCConfigurationList section */
	};
	rootObject = 26466D2E2713905D00555418 /* Project object */;
}
